// !$*UTF8*$!
{
	archiveVersion = 1;
	classes = {
	};
	objectVersion = 50;
	objects = {

/* Begin PBXBuildFile section */
		2C8F49312517973800244812 /* SearchEngineViewController.swift in Sources */ = {isa = PBXBuildFile; fileRef = 2C8F49302517973800244812 /* SearchEngineViewController.swift */; };
		2C8F49332517979900244812 /* SeachEngineTableViewCell.swift in Sources */ = {isa = PBXBuildFile; fileRef = 2C8F49322517979900244812 /* SeachEngineTableViewCell.swift */; };
		2C98692A25123040007CD14C /* WebResponse.swift in Sources */ = {isa = PBXBuildFile; fileRef = 2C98692925123040007CD14C /* WebResponse.swift */; };
		2CA07FC1250A9D2500F72441 /* TabSelectFlowLayout.swift in Sources */ = {isa = PBXBuildFile; fileRef = 2CA07FC0250A9D2500F72441 /* TabSelectFlowLayout.swift */; };
		2CB0013F2508968C00477942 /* AppDelegate.swift in Sources */ = {isa = PBXBuildFile; fileRef = 2CB0013E2508968C00477942 /* AppDelegate.swift */; };
		2CB001412508968C00477942 /* SceneDelegate.swift in Sources */ = {isa = PBXBuildFile; fileRef = 2CB001402508968C00477942 /* SceneDelegate.swift */; };
		2CB001432508968C00477942 /* ViewController.swift in Sources */ = {isa = PBXBuildFile; fileRef = 2CB001422508968C00477942 /* ViewController.swift */; };
		2CB001462508968C00477942 /* Main.storyboard in Resources */ = {isa = PBXBuildFile; fileRef = 2CB001442508968C00477942 /* Main.storyboard */; };
		2CB001482508969000477942 /* Assets.xcassets in Resources */ = {isa = PBXBuildFile; fileRef = 2CB001472508969000477942 /* Assets.xcassets */; };
		2CB0014B2508969000477942 /* LaunchScreen.storyboard in Resources */ = {isa = PBXBuildFile; fileRef = 2CB001492508969000477942 /* LaunchScreen.storyboard */; };
		2CB001552508B71100477942 /* BrowserCollectionViewCell.swift in Sources */ = {isa = PBXBuildFile; fileRef = 2CB001542508B71100477942 /* BrowserCollectionViewCell.swift */; };
		2CB001582508B9C100477942 /* WebKit.framework in Frameworks */ = {isa = PBXBuildFile; fileRef = 2CB001572508B9C100477942 /* WebKit.framework */; };
		2CB0015A2508EEBF00477942 /* CollectionViewFlowLayout.swift in Sources */ = {isa = PBXBuildFile; fileRef = 2CB001592508EEBF00477942 /* CollectionViewFlowLayout.swift */; };
		2CECE0A92517DD3F00437F0E /* SharedManager.swift in Sources */ = {isa = PBXBuildFile; fileRef = 2CECE0A82517DD3E00437F0E /* SharedManager.swift */; };
		2CECE0AB2517E63500437F0E /* SearchEngine.swift in Sources */ = {isa = PBXBuildFile; fileRef = 2CECE0AA2517E63500437F0E /* SearchEngine.swift */; };
/* End PBXBuildFile section */

/* Begin PBXFileReference section */
		2C8F49302517973800244812 /* SearchEngineViewController.swift */ = {isa = PBXFileReference; lastKnownFileType = sourcecode.swift; path = SearchEngineViewController.swift; sourceTree = "<group>"; };
		2C8F49322517979900244812 /* SeachEngineTableViewCell.swift */ = {isa = PBXFileReference; lastKnownFileType = sourcecode.swift; path = SeachEngineTableViewCell.swift; sourceTree = "<group>"; };
		2C98692925123040007CD14C /* WebResponse.swift */ = {isa = PBXFileReference; lastKnownFileType = sourcecode.swift; path = WebResponse.swift; sourceTree = "<group>"; };
		2CA07FC0250A9D2500F72441 /* TabSelectFlowLayout.swift */ = {isa = PBXFileReference; lastKnownFileType = sourcecode.swift; path = TabSelectFlowLayout.swift; sourceTree = "<group>"; };
		2CB0013B2508968C00477942 /* iOSBrowser.app */ = {isa = PBXFileReference; explicitFileType = wrapper.application; includeInIndex = 0; path = iOSBrowser.app; sourceTree = BUILT_PRODUCTS_DIR; };
		2CB0013E2508968C00477942 /* AppDelegate.swift */ = {isa = PBXFileReference; lastKnownFileType = sourcecode.swift; path = AppDelegate.swift; sourceTree = "<group>"; };
		2CB001402508968C00477942 /* SceneDelegate.swift */ = {isa = PBXFileReference; lastKnownFileType = sourcecode.swift; path = SceneDelegate.swift; sourceTree = "<group>"; };
		2CB001422508968C00477942 /* ViewController.swift */ = {isa = PBXFileReference; lastKnownFileType = sourcecode.swift; path = ViewController.swift; sourceTree = "<group>"; };
		2CB001452508968C00477942 /* Base */ = {isa = PBXFileReference; lastKnownFileType = file.storyboard; name = Base; path = Base.lproj/Main.storyboard; sourceTree = "<group>"; };
		2CB001472508969000477942 /* Assets.xcassets */ = {isa = PBXFileReference; lastKnownFileType = folder.assetcatalog; path = Assets.xcassets; sourceTree = "<group>"; };
		2CB0014A2508969000477942 /* Base */ = {isa = PBXFileReference; lastKnownFileType = file.storyboard; name = Base; path = Base.lproj/LaunchScreen.storyboard; sourceTree = "<group>"; };
		2CB0014C2508969000477942 /* Info.plist */ = {isa = PBXFileReference; lastKnownFileType = text.plist.xml; path = Info.plist; sourceTree = "<group>"; };
		2CB001542508B71100477942 /* BrowserCollectionViewCell.swift */ = {isa = PBXFileReference; lastKnownFileType = sourcecode.swift; path = BrowserCollectionViewCell.swift; sourceTree = "<group>"; };
		2CB001572508B9C100477942 /* WebKit.framework */ = {isa = PBXFileReference; lastKnownFileType = wrapper.framework; name = WebKit.framework; path = System/Library/Frameworks/WebKit.framework; sourceTree = SDKROOT; };
		2CB001592508EEBF00477942 /* CollectionViewFlowLayout.swift */ = {isa = PBXFileReference; lastKnownFileType = sourcecode.swift; path = CollectionViewFlowLayout.swift; sourceTree = "<group>"; };
		2CECE0A82517DD3E00437F0E /* SharedManager.swift */ = {isa = PBXFileReference; lastKnownFileType = sourcecode.swift; path = SharedManager.swift; sourceTree = "<group>"; };
		2CECE0AA2517E63500437F0E /* SearchEngine.swift */ = {isa = PBXFileReference; lastKnownFileType = sourcecode.swift; path = SearchEngine.swift; sourceTree = "<group>"; };
/* End PBXFileReference section */

/* Begin PBXFrameworksBuildPhase section */
		2CB001382508968C00477942 /* Frameworks */ = {
			isa = PBXFrameworksBuildPhase;
			buildActionMask = 2147483647;
			files = (
				2CB001582508B9C100477942 /* WebKit.framework in Frameworks */,
			);
			runOnlyForDeploymentPostprocessing = 0;
		};
/* End PBXFrameworksBuildPhase section */

/* Begin PBXGroup section */
		2CB001322508968C00477942 = {
			isa = PBXGroup;
			children = (
				2CB0013D2508968C00477942 /* iOSBrowser */,
				2CB0013C2508968C00477942 /* Products */,
				2CB001562508B9C100477942 /* Frameworks */,
			);
			sourceTree = "<group>";
		};
		2CB0013C2508968C00477942 /* Products */ = {
			isa = PBXGroup;
			children = (
				2CB0013B2508968C00477942 /* iOSBrowser.app */,
			);
			name = Products;
			sourceTree = "<group>";
		};
		2CB0013D2508968C00477942 /* iOSBrowser */ = {
			isa = PBXGroup;
			children = (
				2CB0013E2508968C00477942 /* AppDelegate.swift */,
				2CB001402508968C00477942 /* SceneDelegate.swift */,
				2CB001422508968C00477942 /* ViewController.swift */,
				2CB001542508B71100477942 /* BrowserCollectionViewCell.swift */,
				2CB001442508968C00477942 /* Main.storyboard */,
				2CB001472508969000477942 /* Assets.xcassets */,
				2CB001492508969000477942 /* LaunchScreen.storyboard */,
				2CB0014C2508969000477942 /* Info.plist */,
				2CB001592508EEBF00477942 /* CollectionViewFlowLayout.swift */,
				2CA07FC0250A9D2500F72441 /* TabSelectFlowLayout.swift */,
				2C98692925123040007CD14C /* WebResponse.swift */,
				2C8F49302517973800244812 /* SearchEngineViewController.swift */,
				2C8F49322517979900244812 /* SeachEngineTableViewCell.swift */,
				2CECE0A82517DD3E00437F0E /* SharedManager.swift */,
				2CECE0AA2517E63500437F0E /* SearchEngine.swift */,
			);
			path = iOSBrowser;
			sourceTree = "<group>";
		};
		2CB001562508B9C100477942 /* Frameworks */ = {
			isa = PBXGroup;
			children = (
				2CB001572508B9C100477942 /* WebKit.framework */,
			);
			name = Frameworks;
			sourceTree = "<group>";
		};
/* End PBXGroup section */

/* Begin PBXNativeTarget section */
		2CB0013A2508968C00477942 /* iOSBrowser */ = {
			isa = PBXNativeTarget;
			buildConfigurationList = 2CB0014F2508969000477942 /* Build configuration list for PBXNativeTarget "iOSBrowser" */;
			buildPhases = (
				2CB001372508968C00477942 /* Sources */,
				2CB001382508968C00477942 /* Frameworks */,
				2CB001392508968C00477942 /* Resources */,
			);
			buildRules = (
			);
			dependencies = (
			);
			name = iOSBrowser;
			productName = iOSBrowser;
			productReference = 2CB0013B2508968C00477942 /* iOSBrowser.app */;
			productType = "com.apple.product-type.application";
		};
/* End PBXNativeTarget section */

/* Begin PBXProject section */
		2CB001332508968C00477942 /* Project object */ = {
			isa = PBXProject;
			attributes = {
				LastSwiftUpdateCheck = 1160;
				LastUpgradeCheck = 1160;
				ORGANIZATIONNAME = "NINAYA-BLRM20";
				TargetAttributes = {
					2CB0013A2508968C00477942 = {
						CreatedOnToolsVersion = 11.6;
					};
				};
			};
			buildConfigurationList = 2CB001362508968C00477942 /* Build configuration list for PBXProject "iOSBrowser" */;
			compatibilityVersion = "Xcode 9.3";
			developmentRegion = en;
			hasScannedForEncodings = 0;
			knownRegions = (
				en,
				Base,
			);
			mainGroup = 2CB001322508968C00477942;
			productRefGroup = 2CB0013C2508968C00477942 /* Products */;
			projectDirPath = "";
			projectRoot = "";
			targets = (
				2CB0013A2508968C00477942 /* iOSBrowser */,
			);
		};
/* End PBXProject section */

/* Begin PBXResourcesBuildPhase section */
		2CB001392508968C00477942 /* Resources */ = {
			isa = PBXResourcesBuildPhase;
			buildActionMask = 2147483647;
			files = (
				2CB0014B2508969000477942 /* LaunchScreen.storyboard in Resources */,
				2CB001482508969000477942 /* Assets.xcassets in Resources */,
				2CB001462508968C00477942 /* Main.storyboard in Resources */,
			);
			runOnlyForDeploymentPostprocessing = 0;
		};
/* End PBXResourcesBuildPhase section */

/* Begin PBXSourcesBuildPhase section */
		2CB001372508968C00477942 /* Sources */ = {
			isa = PBXSourcesBuildPhase;
			buildActionMask = 2147483647;
			files = (
				2CECE0AB2517E63500437F0E /* SearchEngine.swift in Sources */,
				2C8F49332517979900244812 /* SeachEngineTableViewCell.swift in Sources */,
				2CB0015A2508EEBF00477942 /* CollectionViewFlowLayout.swift in Sources */,
				2CB001432508968C00477942 /* ViewController.swift in Sources */,
				2C98692A25123040007CD14C /* WebResponse.swift in Sources */,
				2CB001552508B71100477942 /* BrowserCollectionViewCell.swift in Sources */,
				2C8F49312517973800244812 /* SearchEngineViewController.swift in Sources */,
				2CECE0A92517DD3F00437F0E /* SharedManager.swift in Sources */,
				2CB0013F2508968C00477942 /* AppDelegate.swift in Sources */,
				2CB001412508968C00477942 /* SceneDelegate.swift in Sources */,
				2CA07FC1250A9D2500F72441 /* TabSelectFlowLayout.swift in Sources */,
			);
			runOnlyForDeploymentPostprocessing = 0;
		};
/* End PBXSourcesBuildPhase section */

/* Begin PBXVariantGroup section */
		2CB001442508968C00477942 /* Main.storyboard */ = {
			isa = PBXVariantGroup;
			children = (
				2CB001452508968C00477942 /* Base */,
			);
			name = Main.storyboard;
			sourceTree = "<group>";
		};
		2CB001492508969000477942 /* LaunchScreen.storyboard */ = {
			isa = PBXVariantGroup;
			children = (
				2CB0014A2508969000477942 /* Base */,
			);
			name = LaunchScreen.storyboard;
			sourceTree = "<group>";
		};
/* End PBXVariantGroup section */

/* Begin XCBuildConfiguration section */
		2CB0014D2508969000477942 /* Debug */ = {
			isa = XCBuildConfiguration;
			buildSettings = {
				ALWAYS_SEARCH_USER_PATHS = NO;
				CLANG_ANALYZER_NONNULL = YES;
				CLANG_ANALYZER_NUMBER_OBJECT_CONVERSION = YES_AGGRESSIVE;
				CLANG_CXX_LANGUAGE_STANDARD = "gnu++14";
				CLANG_CXX_LIBRARY = "libc++";
				CLANG_ENABLE_MODULES = YES;
				CLANG_ENABLE_OBJC_ARC = YES;
				CLANG_ENABLE_OBJC_WEAK = YES;
				CLANG_WARN_BLOCK_CAPTURE_AUTORELEASING = YES;
				CLANG_WARN_BOOL_CONVERSION = YES;
				CLANG_WARN_COMMA = YES;
				CLANG_WARN_CONSTANT_CONVERSION = YES;
				CLANG_WARN_DEPRECATED_OBJC_IMPLEMENTATIONS = YES;
				CLANG_WARN_DIRECT_OBJC_ISA_USAGE = YES_ERROR;
				CLANG_WARN_DOCUMENTATION_COMMENTS = YES;
				CLANG_WARN_EMPTY_BODY = YES;
				CLANG_WARN_ENUM_CONVERSION = YES;
				CLANG_WARN_INFINITE_RECURSION = YES;
				CLANG_WARN_INT_CONVERSION = YES;
				CLANG_WARN_NON_LITERAL_NULL_CONVERSION = YES;
				CLANG_WARN_OBJC_IMPLICIT_RETAIN_SELF = YES;
				CLANG_WARN_OBJC_LITERAL_CONVERSION = YES;
				CLANG_WARN_OBJC_ROOT_CLASS = YES_ERROR;
				CLANG_WARN_RANGE_LOOP_ANALYSIS = YES;
				CLANG_WARN_STRICT_PROTOTYPES = YES;
				CLANG_WARN_SUSPICIOUS_MOVE = YES;
				CLANG_WARN_UNGUARDED_AVAILABILITY = YES_AGGRESSIVE;
				CLANG_WARN_UNREACHABLE_CODE = YES;
				CLANG_WARN__DUPLICATE_METHOD_MATCH = YES;
				COPY_PHASE_STRIP = NO;
				DEBUG_INFORMATION_FORMAT = dwarf;
				ENABLE_STRICT_OBJC_MSGSEND = YES;
				ENABLE_TESTABILITY = YES;
				GCC_C_LANGUAGE_STANDARD = gnu11;
				GCC_DYNAMIC_NO_PIC = NO;
				GCC_NO_COMMON_BLOCKS = YES;
				GCC_OPTIMIZATION_LEVEL = 0;
				GCC_PREPROCESSOR_DEFINITIONS = (
					"DEBUG=1",
					"$(inherited)",
				);
				GCC_WARN_64_TO_32_BIT_CONVERSION = YES;
				GCC_WARN_ABOUT_RETURN_TYPE = YES_ERROR;
				GCC_WARN_UNDECLARED_SELECTOR = YES;
				GCC_WARN_UNINITIALIZED_AUTOS = YES_AGGRESSIVE;
				GCC_WARN_UNUSED_FUNCTION = YES;
				GCC_WARN_UNUSED_VARIABLE = YES;
				IPHONEOS_DEPLOYMENT_TARGET = 13.6;
				MTL_ENABLE_DEBUG_INFO = INCLUDE_SOURCE;
				MTL_FAST_MATH = YES;
				ONLY_ACTIVE_ARCH = YES;
				SDKROOT = iphoneos;
				SWIFT_ACTIVE_COMPILATION_CONDITIONS = DEBUG;
				SWIFT_OPTIMIZATION_LEVEL = "-Onone";
			};
			name = Debug;
		};
		2CB0014E2508969000477942 /* Release */ = {
			isa = XCBuildConfiguration;
			buildSettings = {
				ALWAYS_SEARCH_USER_PATHS = NO;
				CLANG_ANALYZER_NONNULL = YES;
				CLANG_ANALYZER_NUMBER_OBJECT_CONVERSION = YES_AGGRESSIVE;
				CLANG_CXX_LANGUAGE_STANDARD = "gnu++14";
				CLANG_CXX_LIBRARY = "libc++";
				CLANG_ENABLE_MODULES = YES;
				CLANG_ENABLE_OBJC_ARC = YES;
				CLANG_ENABLE_OBJC_WEAK = YES;
				CLANG_WARN_BLOCK_CAPTURE_AUTORELEASING = YES;
				CLANG_WARN_BOOL_CONVERSION = YES;
				CLANG_WARN_COMMA = YES;
				CLANG_WARN_CONSTANT_CONVERSION = YES;
				CLANG_WARN_DEPRECATED_OBJC_IMPLEMENTATIONS = YES;
				CLANG_WARN_DIRECT_OBJC_ISA_USAGE = YES_ERROR;
				CLANG_WARN_DOCUMENTATION_COMMENTS = YES;
				CLANG_WARN_EMPTY_BODY = YES;
				CLANG_WARN_ENUM_CONVERSION = YES;
				CLANG_WARN_INFINITE_RECURSION = YES;
				CLANG_WARN_INT_CONVERSION = YES;
				CLANG_WARN_NON_LITERAL_NULL_CONVERSION = YES;
				CLANG_WARN_OBJC_IMPLICIT_RETAIN_SELF = YES;
				CLANG_WARN_OBJC_LITERAL_CONVERSION = YES;
				CLANG_WARN_OBJC_ROOT_CLASS = YES_ERROR;
				CLANG_WARN_RANGE_LOOP_ANALYSIS = YES;
				CLANG_WARN_STRICT_PROTOTYPES = YES;
				CLANG_WARN_SUSPICIOUS_MOVE = YES;
				CLANG_WARN_UNGUARDED_AVAILABILITY = YES_AGGRESSIVE;
				CLANG_WARN_UNREACHABLE_CODE = YES;
				CLANG_WARN__DUPLICATE_METHOD_MATCH = YES;
				COPY_PHASE_STRIP = NO;
				DEBUG_INFORMATION_FORMAT = "dwarf-with-dsym";
				ENABLE_NS_ASSERTIONS = NO;
				ENABLE_STRICT_OBJC_MSGSEND = YES;
				GCC_C_LANGUAGE_STANDARD = gnu11;
				GCC_NO_COMMON_BLOCKS = YES;
				GCC_WARN_64_TO_32_BIT_CONVERSION = YES;
				GCC_WARN_ABOUT_RETURN_TYPE = YES_ERROR;
				GCC_WARN_UNDECLARED_SELECTOR = YES;
				GCC_WARN_UNINITIALIZED_AUTOS = YES_AGGRESSIVE;
				GCC_WARN_UNUSED_FUNCTION = YES;
				GCC_WARN_UNUSED_VARIABLE = YES;
				IPHONEOS_DEPLOYMENT_TARGET = 13.6;
				MTL_ENABLE_DEBUG_INFO = NO;
				MTL_FAST_MATH = YES;
				SDKROOT = iphoneos;
				SWIFT_COMPILATION_MODE = wholemodule;
				SWIFT_OPTIMIZATION_LEVEL = "-O";
				VALIDATE_PRODUCT = YES;
			};
			name = Release;
		};
		2CB001502508969000477942 /* Debug */ = {
			isa = XCBuildConfiguration;
			buildSettings = {
				ASSETCATALOG_COMPILER_APPICON_NAME = AppIcon;
				CODE_SIGN_STYLE = Automatic;
				DEVELOPMENT_TEAM = M3JFY243KM;
				INFOPLIST_FILE = iOSBrowser/Info.plist;
				LD_RUNPATH_SEARCH_PATHS = (
					"$(inherited)",
					"@executable_path/Frameworks",
				);
				PRODUCT_BUNDLE_IDENTIFIER = com.nayak.nishant.iOSBrowser;
				PRODUCT_NAME = "$(TARGET_NAME)";
				SWIFT_VERSION = 5.0;
				TARGETED_DEVICE_FAMILY = "1,2";
			};
			name = Debug;
		};
		2CB001512508969000477942 /* Release */ = {
			isa = XCBuildConfiguration;
			buildSettings = {
				ASSETCATALOG_COMPILER_APPICON_NAME = AppIcon;
				CODE_SIGN_STYLE = Automatic;
				DEVELOPMENT_TEAM = M3JFY243KM;
				INFOPLIST_FILE = iOSBrowser/Info.plist;
				LD_RUNPATH_SEARCH_PATHS = (
					"$(inherited)",
					"@executable_path/Frameworks",
				);
				PRODUCT_BUNDLE_IDENTIFIER = com.nayak.nishant.iOSBrowser;
				PRODUCT_NAME = "$(TARGET_NAME)";
				SWIFT_VERSION = 5.0;
				TARGETED_DEVICE_FAMILY = "1,2";
			};
			name = Release;
		};
/* End XCBuildConfiguration section */

/* Begin XCConfigurationList section */
		2CB001362508968C00477942 /* Build configuration list for PBXProject "iOSBrowser" */ = {
			isa = XCConfigurationList;
			buildConfigurations = (
				2CB0014D2508969000477942 /* Debug */,
				2CB0014E2508969000477942 /* Release */,
			);
			defaultConfigurationIsVisible = 0;
			defaultConfigurationName = Release;
		};
		2CB0014F2508969000477942 /* Build configuration list for PBXNativeTarget "iOSBrowser" */ = {
			isa = XCConfigurationList;
			buildConfigurations = (
				2CB001502508969000477942 /* Debug */,
				2CB001512508969000477942 /* Release */,
			);
			defaultConfigurationIsVisible = 0;
			defaultConfigurationName = Release;
		};
/* End XCConfigurationList section */
	};
	rootObject = 2CB001332508968C00477942 /* Project object */;
}
